# This file is generated by running "yarn install" inside your project.
# Manual changes might be lost - proceed with caution!

__metadata:
  version: 8
  cacheKey: 10c0

"has-flag@npm:^4.0.0":
  version: 4.0.0
  resolution: "has-flag@npm:4.0.0"
  checksum: example
  languageName: node
  linkType: hard

"lodash@npm:^4.17.21":
  version: 4.17.21
  resolution: "lodash@npm:4.17.21"
  checksum: example
  languageName: node
  linkType: hard

"typescript@npm:^5.4.0":
  version: 5.4.5
  resolution: "typescript@npm:5.4.5"
  dependencies:
    has-flag: "npm:^4.0.0"
  checksum: example
  languageName: node
  linkType: hard

"semver@npm:^6.3.1":
  version: 6.3.1
  resolution: "semver@npm:6.3.1"
  checksum: example
  languageName: node
  linkType: hard

"semver@npm:^7.6.0":
  version: 7.6.0
  resolution: "semver@npm:7.6.0"
  checksum: example
  languageName: node
  linkType: hard

"workspace-thing@workspace:packages/thing, workspace-thing@npm:^1.2.3":
  version: 1.2.3
  resolution: "workspace-thing@npm:1.2.3"
  checksum: example
  languageName: node
  linkType: hard
